# This file is automatically @generated by Cargo.
# It is not intended for manual editing.
version = 4

[[package]]
name = "harness-needs-serial-port"
version = "0.0.0"
dependencies = [
 "messstube-core",
]

[[package]]
name = "messstube-cli"
version = "0.0.0"
dependencies = [
 "messstube-core",
]

[[package]]
name = "messstube-core"
version = "0.0.0"

[[package]]
name = "xtask"
version = "0.0.0"
